
Microsoft Visual Studio Solution File, Format Version 12.00
# Visual Studio Version 16
VisualStudioVersion = 16.0.31515.178
MinimumVisualStudioVersion = 10.0.40219.1
Project("{FAE04EC0-301F-11D3-BF4B-00C04F79EFBC}") = "Museum_Practitioner.UWP", "Museum_Practitioner\Museum_Practitioner.UWP\Museum_Practitioner.UWP.csproj", "{7C4C271D-F338-4C49-AD4C-E40E5DC76ACD}"
EndProject
Project("{FAE04EC0-301F-11D3-BF4B-00C04F79EFBC}") = "Museum_Practitioner.Android", "Museum_Practitioner\Museum_Practitioner.Android\Museum_Practitioner.Android.csproj", "{625A7E5F-E67E-4815-9F4D-7384CE625C8F}"
EndProject
Project("{FAE04EC0-301F-11D3-BF4B-00C04F79EFBC}") = "Museum_Practitioner.iOS", "Museum_Practitioner\Museum_Practitioner.iOS\Museum_Practitioner.iOS.csproj", "{0FB569B2-DAD1-4B47-9CEA-A35508154732}"
EndProject
Project("{FAE04EC0-301F-11D3-BF4B-00C04F79EFBC}") = "Museum_Practitioner", "Museum_Practitioner\Museum_Practitioner\Museum_Practitioner.csproj", "{8BB0DF6D-26A5-41EF-86C1-80572A17150B}"
EndProject
Global
	GlobalSection(SolutionConfigurationPlatforms) = preSolution
		Debug|Any CPU = Debug|Any CPU
		Debug|ARM = Debug|ARM
		Debug|iPhone = Debug|iPhone
		Debug|iPhoneSimulator = Debug|iPhoneSimulator
		Debug|x64 = Debug|x64
		Debug|x86 = Debug|x86
		Release|Any CPU = Release|Any CPU
		Release|ARM = Release|ARM
		Release|iPhone = Release|iPhone
		Release|iPhoneSimulator = Release|iPhoneSimulator
		Release|x64 = Release|x64
		Release|x86 = Release|x86
	EndGlobalSection
	GlobalSection(ProjectConfigurationPlatforms) = postSolution
		{7C4C271D-F338-4C49-AD4C-E40E5DC76ACD}.Debug|Any CPU.ActiveCfg = Debug|x86
		{7C4C271D-F338-4C49-AD4C-E40E5DC76ACD}.Debug|Any CPU.Build.0 = Debug|x86
		{7C4C271D-F338-4C49-AD4C-E40E5DC76ACD}.Debug|Any CPU.Deploy.0 = Debug|x86
		{7C4C271D-F338-4C49-AD4C-E40E5DC76ACD}.Debug|ARM.ActiveCfg = Debug|ARM
		{7C4C271D-F338-4C49-AD4C-E40E5DC76ACD}.Debug|ARM.Build.0 = Debug|ARM
		{7C4C271D-F338-4C49-AD4C-E40E5DC76ACD}.Debug|ARM.Deploy.0 = Debug|ARM
		{7C4C271D-F338-4C49-AD4C-E40E5DC76ACD}.Debug|iPhone.ActiveCfg = Debug|x86
		{7C4C271D-F338-4C49-AD4C-E40E5DC76ACD}.Debug|iPhone.Build.0 = Debug|x86
		{7C4C271D-F338-4C49-AD4C-E40E5DC76ACD}.Debug|iPhone.Deploy.0 = Debug|x86
		{7C4C271D-F338-4C49-AD4C-E40E5DC76ACD}.Debug|iPhoneSimulator.ActiveCfg = Debug|x86
		{7C4C271D-F338-4C49-AD4C-E40E5DC76ACD}.Debug|iPhoneSimulator.Build.0 = Debug|x86
		{7C4C271D-F338-4C49-AD4C-E40E5DC76ACD}.Debug|iPhoneSimulator.Deploy.0 = Debug|x86
		{7C4C271D-F338-4C49-AD4C-E40E5DC76ACD}.Debug|x64.ActiveCfg = Debug|x64
		{7C4C271D-F338-4C49-AD4C-E40E5DC76ACD}.Debug|x64.Build.0 = Debug|x64
		{7C4C271D-F338-4C49-AD4C-E40E5DC76ACD}.Debug|x64.Deploy.0 = Debug|x64
		{7C4C271D-F338-4C49-AD4C-E40E5DC76ACD}.Debug|x86.ActiveCfg = Debug|x86
		{7C4C271D-F338-4C49-AD4C-E40E5DC76ACD}.Debug|x86.Build.0 = Debug|x86
		{7C4C271D-F338-4C49-AD4C-E40E5DC76ACD}.Debug|x86.Deploy.0 = Debug|x86
		{7C4C271D-F338-4C49-AD4C-E40E5DC76ACD}.Release|Any CPU.ActiveCfg = Release|x86
		{7C4C271D-F338-4C49-AD4C-E40E5DC76ACD}.Release|Any CPU.Build.0 = Release|x86
		{7C4C271D-F338-4C49-AD4C-E40E5DC76ACD}.Release|Any CPU.Deploy.0 = Release|x86
		{7C4C271D-F338-4C49-AD4C-E40E5DC76ACD}.Release|ARM.ActiveCfg = Release|ARM
		{7C4C271D-F338-4C49-AD4C-E40E5DC76ACD}.Release|ARM.Build.0 = Release|ARM
		{7C4C271D-F338-4C49-AD4C-E40E5DC76ACD}.Release|ARM.Deploy.0 = Release|ARM
		{7C4C271D-F338-4C49-AD4C-E40E5DC76ACD}.Release|iPhone.ActiveCfg = Release|x86
		{7C4C271D-F338-4C49-AD4C-E40E5DC76ACD}.Release|iPhone.Build.0 = Release|x86
		{7C4C271D-F338-4C49-AD4C-E40E5DC76ACD}.Release|iPhone.Deploy.0 = Release|x86
		{7C4C271D-F338-4C49-AD4C-E40E5DC76ACD}.Release|iPhoneSimulator.ActiveCfg = Release|x86
		{7C4C271D-F338-4C49-AD4C-E40E5DC76ACD}.Release|iPhoneSimulator.Build.0 = Release|x86
		{7C4C271D-F338-4C49-AD4C-E40E5DC76ACD}.Release|iPhoneSimulator.Deploy.0 = Release|x86
		{7C4C271D-F338-4C49-AD4C-E40E5DC76ACD}.Release|x64.ActiveCfg = Release|x64
		{7C4C271D-F338-4C49-AD4C-E40E5DC76ACD}.Release|x64.Build.0 = Release|x64
		{7C4C271D-F338-4C49-AD4C-E40E5DC76ACD}.Release|x64.Deploy.0 = Release|x64
		{7C4C271D-F338-4C49-AD4C-E40E5DC76ACD}.Release|x86.ActiveCfg = Release|x86
		{7C4C271D-F338-4C49-AD4C-E40E5DC76ACD}.Release|x86.Build.0 = Release|x86
		{7C4C271D-F338-4C49-AD4C-E40E5DC76ACD}.Release|x86.Deploy.0 = Release|x86
		{625A7E5F-E67E-4815-9F4D-7384CE625C8F}.Debug|Any CPU.ActiveCfg = Debug|Any CPU
		{625A7E5F-E67E-4815-9F4D-7384CE625C8F}.Debug|Any CPU.Build.0 = Debug|Any CPU
		{625A7E5F-E67E-4815-9F4D-7384CE625C8F}.Debug|Any CPU.Deploy.0 = Debug|Any CPU
		{625A7E5F-E67E-4815-9F4D-7384CE625C8F}.Debug|ARM.ActiveCfg = Debug|Any CPU
		{625A7E5F-E67E-4815-9F4D-7384CE625C8F}.Debug|ARM.Build.0 = Debug|Any CPU
		{625A7E5F-E67E-4815-9F4D-7384CE625C8F}.Debug|ARM.Deploy.0 = Debug|Any CPU
		{625A7E5F-E67E-4815-9F4D-7384CE625C8F}.Debug|iPhone.ActiveCfg = Debug|Any CPU
		{625A7E5F-E67E-4815-9F4D-7384CE625C8F}.Debug|iPhone.Build.0 = Debug|Any CPU
		{625A7E5F-E67E-4815-9F4D-7384CE625C8F}.Debug|iPhone.Deploy.0 = Debug|Any CPU
		{625A7E5F-E67E-4815-9F4D-7384CE625C8F}.Debug|iPhoneSimulator.ActiveCfg = Debug|Any CPU
		{625A7E5F-E67E-4815-9F4D-7384CE625C8F}.Debug|iPhoneSimulator.Build.0 = Debug|Any CPU
		{625A7E5F-E67E-4815-9F4D-7384CE625C8F}.Debug|iPhoneSimulator.Deploy.0 = Debug|Any CPU
		{625A7E5F-E67E-4815-9F4D-7384CE625C8F}.Debug|x64.ActiveCfg = Debug|Any CPU
		{625A7E5F-E67E-4815-9F4D-7384CE625C8F}.Debug|x64.Build.0 = Debug|Any CPU
		{625A7E5F-E67E-4815-9F4D-7384CE625C8F}.Debug|x64.Deploy.0 = Debug|Any CPU
		{625A7E5F-E67E-4815-9F4D-7384CE625C8F}.Debug|x86.ActiveCfg = Debug|Any CPU
		{625A7E5F-E67E-4815-9F4D-7384CE625C8F}.Debug|x86.Build.0 = Debug|Any CPU
		{625A7E5F-E67E-4815-9F4D-7384CE625C8F}.Debug|x86.Deploy.0 = Debug|Any CPU
		{625A7E5F-E67E-4815-9F4D-7384CE625C8F}.Release|Any CPU.ActiveCfg = Release|Any CPU
		{625A7E5F-E67E-4815-9F4D-7384CE625C8F}.Release|Any CPU.Build.0 = Release|Any CPU
		{625A7E5F-E67E-4815-9F4D-7384CE625C8F}.Release|Any CPU.Deploy.0 = Release|Any CPU
		{625A7E5F-E67E-4815-9F4D-7384CE625C8F}.Release|ARM.ActiveCfg = Release|Any CPU
		{625A7E5F-E67E-4815-9F4D-7384CE625C8F}.Release|ARM.Build.0 = Release|Any CPU
		{625A7E5F-E67E-4815-9F4D-7384CE625C8F}.Release|ARM.Deploy.0 = Release|Any CPU
		{625A7E5F-E67E-4815-9F4D-7384CE625C8F}.Release|iPhone.ActiveCfg = Release|Any CPU
		{625A7E5F-E67E-4815-9F4D-7384CE625C8F}.Release|iPhone.Build.0 = Release|Any CPU
		{625A7E5F-E67E-4815-9F4D-7384CE625C8F}.Release|iPhone.Deploy.0 = Release|Any CPU
		{625A7E5F-E67E-4815-9F4D-7384CE625C8F}.Release|iPhoneSimulator.ActiveCfg = Release|Any CPU
		{625A7E5F-E67E-4815-9F4D-7384CE625C8F}.Release|iPhoneSimulator.Build.0 = Release|Any CPU
		{625A7E5F-E67E-4815-9F4D-7384CE625C8F}.Release|iPhoneSimulator.Deploy.0 = Release|Any CPU
		{625A7E5F-E67E-4815-9F4D-7384CE625C8F}.Release|x64.ActiveCfg = Release|Any CPU
		{625A7E5F-E67E-4815-9F4D-7384CE625C8F}.Release|x64.Build.0 = Release|Any CPU
		{625A7E5F-E67E-4815-9F4D-7384CE625C8F}.Release|x64.Deploy.0 = Release|Any CPU
		{625A7E5F-E67E-4815-9F4D-7384CE625C8F}.Release|x86.ActiveCfg = Release|Any CPU
		{625A7E5F-E67E-4815-9F4D-7384CE625C8F}.Release|x86.Build.0 = Release|Any CPU
		{625A7E5F-E67E-4815-9F4D-7384CE625C8F}.Release|x86.Deploy.0 = Release|Any CPU
		{0FB569B2-DAD1-4B47-9CEA-A35508154732}.Debug|Any CPU.ActiveCfg = Debug|iPhoneSimulator
		{0FB569B2-DAD1-4B47-9CEA-A35508154732}.Debug|Any CPU.Build.0 = Debug|iPhoneSimulator
		{0FB569B2-DAD1-4B47-9CEA-A35508154732}.Debug|Any CPU.Deploy.0 = Debug|iPhoneSimulator
		{0FB569B2-DAD1-4B47-9CEA-A35508154732}.Debug|ARM.ActiveCfg = Debug|iPhone
		{0FB569B2-DAD1-4B47-9CEA-A35508154732}.Debug|ARM.Build.0 = Debug|iPhone
		{0FB569B2-DAD1-4B47-9CEA-A35508154732}.Debug|ARM.Deploy.0 = Debug|iPhone
		{0FB569B2-DAD1-4B47-9CEA-A35508154732}.Debug|iPhone.ActiveCfg = Debug|iPhone
		{0FB569B2-DAD1-4B47-9CEA-A35508154732}.Debug|iPhone.Build.0 = Debug|iPhone
		{0FB569B2-DAD1-4B47-9CEA-A35508154732}.Debug|iPhone.Deploy.0 = Debug|iPhone
		{0FB569B2-DAD1-4B47-9CEA-A35508154732}.Debug|iPhoneSimulator.ActiveCfg = Debug|iPhoneSimulator
		{0FB569B2-DAD1-4B47-9CEA-A35508154732}.Debug|iPhoneSimulator.Build.0 = Debug|iPhoneSimulator
		{0FB569B2-DAD1-4B47-9CEA-A35508154732}.Debug|iPhoneSimulator.Deploy.0 = Debug|iPhoneSimulator
		{0FB569B2-DAD1-4B47-9CEA-A35508154732}.Debug|x64.ActiveCfg = Debug|iPhoneSimulator
		{0FB569B2-DAD1-4B47-9CEA-A35508154732}.Debug|x64.Build.0 = Debug|iPhoneSimulator
		{0FB569B2-DAD1-4B47-9CEA-A35508154732}.Debug|x64.Deploy.0 = Debug|iPhoneSimulator
		{0FB569B2-DAD1-4B47-9CEA-A35508154732}.Debug|x86.ActiveCfg = Debug|iPhoneSimulator
		{0FB569B2-DAD1-4B47-9CEA-A35508154732}.Debug|x86.Build.0 = Debug|iPhoneSimulator
		{0FB569B2-DAD1-4B47-9CEA-A35508154732}.Debug|x86.Deploy.0 = Debug|iPhoneSimulator
		{0FB569B2-DAD1-4B47-9CEA-A35508154732}.Release|Any CPU.ActiveCfg = Release|iPhoneSimulator
		{0FB569B2-DAD1-4B47-9CEA-A35508154732}.Release|Any CPU.Build.0 = Release|iPhoneSimulator
		{0FB569B2-DAD1-4B47-9CEA-A35508154732}.Release|Any CPU.Deploy.0 = Release|iPhoneSimulator
		{0FB569B2-DAD1-4B47-9CEA-A35508154732}.Release|ARM.ActiveCfg = Release|iPhoneSimulator
		{0FB569B2-DAD1-4B47-9CEA-A35508154732}.Release|ARM.Build.0 = Release|iPhoneSimulator
		{0FB569B2-DAD1-4B47-9CEA-A35508154732}.Release|ARM.Deploy.0 = Release|iPhoneSimulator
		{0FB569B2-DAD1-4B47-9CEA-A35508154732}.Release|iPhone.ActiveCfg = Release|iPhone
		{0FB569B2-DAD1-4B47-9CEA-A35508154732}.Release|iPhone.Build.0 = Release|iPhone
		{0FB569B2-DAD1-4B47-9CEA-A35508154732}.Release|iPhone.Deploy.0 = Release|iPhone
		{0FB569B2-DAD1-4B47-9CEA-A35508154732}.Release|iPhoneSimulator.ActiveCfg = Release|iPhoneSimulator
		{0FB569B2-DAD1-4B47-9CEA-A35508154732}.Release|iPhoneSimulator.Build.0 = Release|iPhoneSimulator
		{0FB569B2-DAD1-4B47-9CEA-A35508154732}.Release|iPhoneSimulator.Deploy.0 = Release|iPhoneSimulator
		{0FB569B2-DAD1-4B47-9CEA-A35508154732}.Release|x64.ActiveCfg = Release|iPhoneSimulator
		{0FB569B2-DAD1-4B47-9CEA-A35508154732}.Release|x64.Build.0 = Release|iPhoneSimulator
		{0FB569B2-DAD1-4B47-9CEA-A35508154732}.Release|x64.Deploy.0 = Release|iPhoneSimulator
		{0FB569B2-DAD1-4B47-9CEA-A35508154732}.Release|x86.ActiveCfg = Release|iPhoneSimulator
		{0FB569B2-DAD1-4B47-9CEA-A35508154732}.Release|x86.Build.0 = Release|iPhoneSimulator
		{0FB569B2-DAD1-4B47-9CEA-A35508154732}.Release|x86.Deploy.0 = Release|iPhoneSimulator
		{8BB0DF6D-26A5-41EF-86C1-80572A17150B}.Debug|Any CPU.ActiveCfg = Debug|Any CPU
		{8BB0DF6D-26A5-41EF-86C1-80572A17150B}.Debug|Any CPU.Build.0 = Debug|Any CPU
		{8BB0DF6D-26A5-41EF-86C1-80572A17150B}.Debug|Any CPU.Deploy.0 = Debug|Any CPU
		{8BB0DF6D-26A5-41EF-86C1-80572A17150B}.Debug|ARM.ActiveCfg = Debug|Any CPU
		{8BB0DF6D-26A5-41EF-86C1-80572A17150B}.Debug|ARM.Build.0 = Debug|Any CPU
		{8BB0DF6D-26A5-41EF-86C1-80572A17150B}.Debug|ARM.Deploy.0 = Debug|Any CPU
		{8BB0DF6D-26A5-41EF-86C1-80572A17150B}.Debug|iPhone.ActiveCfg = Debug|Any CPU
		{8BB0DF6D-26A5-41EF-86C1-80572A17150B}.Debug|iPhone.Build.0 = Debug|Any CPU
		{8BB0DF6D-26A5-41EF-86C1-80572A17150B}.Debug|iPhone.Deploy.0 = Debug|Any CPU
		{8BB0DF6D-26A5-41EF-86C1-80572A17150B}.Debug|iPhoneSimulator.ActiveCfg = Debug|Any CPU
		{8BB0DF6D-26A5-41EF-86C1-80572A17150B}.Debug|iPhoneSimulator.Build.0 = Debug|Any CPU
		{8BB0DF6D-26A5-41EF-86C1-80572A17150B}.Debug|iPhoneSimulator.Deploy.0 = Debug|Any CPU
		{8BB0DF6D-26A5-41EF-86C1-80572A17150B}.Debug|x64.ActiveCfg = Debug|Any CPU
		{8BB0DF6D-26A5-41EF-86C1-80572A17150B}.Debug|x64.Build.0 = Debug|Any CPU
		{8BB0DF6D-26A5-41EF-86C1-80572A17150B}.Debug|x64.Deploy.0 = Debug|Any CPU
		{8BB0DF6D-26A5-41EF-86C1-80572A17150B}.Debug|x86.ActiveCfg = Debug|Any CPU
		{8BB0DF6D-26A5-41EF-86C1-80572A17150B}.Debug|x86.Build.0 = Debug|Any CPU
		{8BB0DF6D-26A5-41EF-86C1-80572A17150B}.Debug|x86.Deploy.0 = Debug|Any CPU
		{8BB0DF6D-26A5-41EF-86C1-80572A17150B}.Release|Any CPU.ActiveCfg = Release|Any CPU
		{8BB0DF6D-26A5-41EF-86C1-80572A17150B}.Release|Any CPU.Build.0 = Release|Any CPU
		{8BB0DF6D-26A5-41EF-86C1-80572A17150B}.Release|Any CPU.Deploy.0 = Release|Any CPU
		{8BB0DF6D-26A5-41EF-86C1-80572A17150B}.Release|ARM.ActiveCfg = Release|Any CPU
		{8BB0DF6D-26A5-41EF-86C1-80572A17150B}.Release|ARM.Build.0 = Release|Any CPU
		{8BB0DF6D-26A5-41EF-86C1-80572A17150B}.Release|ARM.Deploy.0 = Release|Any CPU
		{8BB0DF6D-26A5-41EF-86C1-80572A17150B}.Release|iPhone.ActiveCfg = Release|Any CPU
		{8BB0DF6D-26A5-41EF-86C1-80572A17150B}.Release|iPhone.Build.0 = Release|Any CPU
		{8BB0DF6D-26A5-41EF-86C1-80572A17150B}.Release|iPhone.Deploy.0 = Release|Any CPU
		{8BB0DF6D-26A5-41EF-86C1-80572A17150B}.Release|iPhoneSimulator.ActiveCfg = Release|Any CPU
		{8BB0DF6D-26A5-41EF-86C1-80572A17150B}.Release|iPhoneSimulator.Build.0 = Release|Any CPU
		{8BB0DF6D-26A5-41EF-86C1-80572A17150B}.Release|iPhoneSimulator.Deploy.0 = Release|Any CPU
		{8BB0DF6D-26A5-41EF-86C1-80572A17150B}.Release|x64.ActiveCfg = Release|Any CPU
		{8BB0DF6D-26A5-41EF-86C1-80572A17150B}.Release|x64.Build.0 = Release|Any CPU
		{8BB0DF6D-26A5-41EF-86C1-80572A17150B}.Release|x64.Deploy.0 = Release|Any CPU
		{8BB0DF6D-26A5-41EF-86C1-80572A17150B}.Release|x86.ActiveCfg = Release|Any CPU
		{8BB0DF6D-26A5-41EF-86C1-80572A17150B}.Release|x86.Build.0 = Release|Any CPU
		{8BB0DF6D-26A5-41EF-86C1-80572A17150B}.Release|x86.Deploy.0 = Release|Any CPU
	EndGlobalSection
	GlobalSection(SolutionProperties) = preSolution
		HideSolutionNode = FALSE
	EndGlobalSection
	GlobalSection(ExtensibilityGlobals) = postSolution
		SolutionGuid = {C5AB36E5-C6E1-4B52-A57A-38C162FC6D82}
	EndGlobalSection
EndGlobal
